
Microsoft Visual Studio Solution File, Format Version 11.00
# Visual C++ Express 2010
Project("{8BC9CEB8-8B4A-11D0-8D11-00A0C91BC942}") = "Keith", "Keith\Keith.vcxproj", "{DCA54297-C3E0-4AAA-9722-5899DE61D33A}"
EndProject
Global
	GlobalSection(SolutionConfigurationPlatforms) = preSolution
		Debug|Win32 = Debug|Win32
		Release|Win32 = Release|Win32
	EndGlobalSection
	GlobalSection(ProjectConfigurationPlatforms) = postSolution
		{DCA54297-C3E0-4AAA-9722-5899DE61D33A}.Debug|Win32.ActiveCfg = Debug|Win32
		{DCA54297-C3E0-4AAA-9722-5899DE61D33A}.Debug|Win32.Build.0 = Debug|Win32
		{DCA54297-C3E0-4AAA-9722-5899DE61D33A}.Release|Win32.ActiveCfg = Release|Win32
		{DCA54297-C3E0-4AAA-9722-5899DE61D33A}.Release|Win32.Build.0 = Release|Win32
	EndGlobalSection
	GlobalSection(SolutionProperties) = preSolution
		HideSolutionNode = FALSE
	EndGlobalSection
EndGlobal
