
Microsoft Visual Studio Solution File, Format Version 12.00
# Visual Studio 2012
Project("{8BC9CEB8-8B4A-11D0-8D11-00A0C91BC942}") = "slsg", "slsg\slsg.vcxproj", "{9D68280A-90A2-41C8-A031-5B66ADAB4937}"
EndProject
Project("{2150E333-8FDC-42A3-9474-1A3956D46DE8}") = "Solution Items", "Solution Items", "{96FC9181-2EEB-4376-A0BA-1102F53F5132}"
	ProjectSection(SolutionItems) = preProject
		Performance1.psess = Performance1.psess
	EndProjectSection
EndProject
Global
	GlobalSection(SolutionConfigurationPlatforms) = preSolution
		Debug|Win32 = Debug|Win32
		Release|Win32 = Release|Win32
	EndGlobalSection
	GlobalSection(ProjectConfigurationPlatforms) = postSolution
		{9D68280A-90A2-41C8-A031-5B66ADAB4937}.Debug|Win32.ActiveCfg = Debug|Win32
		{9D68280A-90A2-41C8-A031-5B66ADAB4937}.Debug|Win32.Build.0 = Debug|Win32
		{9D68280A-90A2-41C8-A031-5B66ADAB4937}.Release|Win32.ActiveCfg = Release|Win32
		{9D68280A-90A2-41C8-A031-5B66ADAB4937}.Release|Win32.Build.0 = Release|Win32
	EndGlobalSection
	GlobalSection(SolutionProperties) = preSolution
		HideSolutionNode = FALSE
	EndGlobalSection
	GlobalSection(Performance) = preSolution
		HasPerformanceSessions = true
	EndGlobalSection
EndGlobal
